// !$*UTF8*$!
{
	archiveVersion = 1;
	classes = {
	};
	objectVersion = 50;
	objects = {

/* Begin PBXBuildFile section */
		7B60F201BEAD497CA39BE2FA /* libPods-HPodDemo.a in Frameworks */ = {isa = PBXBuildFile; fileRef = 0B529B02392E645F6E90C51A /* libPods-HPodDemo.a */; };
		8184862520A0356100A21476 /* AppDelegate.m in Sources */ = {isa = PBXBuildFile; fileRef = 8184862420A0356100A21476 /* AppDelegate.m */; };
		8184862820A0356100A21476 /* ViewController.m in Sources */ = {isa = PBXBuildFile; fileRef = 8184862720A0356100A21476 /* ViewController.m */; };
		8184862B20A0356100A21476 /* Main.storyboard in Resources */ = {isa = PBXBuildFile; fileRef = 8184862920A0356100A21476 /* Main.storyboard */; };
		8184862D20A0356200A21476 /* Assets.xcassets in Resources */ = {isa = PBXBuildFile; fileRef = 8184862C20A0356200A21476 /* Assets.xcassets */; };
		8184863020A0356200A21476 /* LaunchScreen.storyboard in Resources */ = {isa = PBXBuildFile; fileRef = 8184862E20A0356200A21476 /* LaunchScreen.storyboard */; };
		8184863320A0356200A21476 /* main.m in Sources */ = {isa = PBXBuildFile; fileRef = 8184863220A0356200A21476 /* main.m */; };
/* End PBXBuildFile section */

/* Begin PBXFileReference section */
		0B529B02392E645F6E90C51A /* libPods-HPodDemo.a */ = {isa = PBXFileReference; explicitFileType = archive.ar; includeInIndex = 0; path = "libPods-HPodDemo.a"; sourceTree = BUILT_PRODUCTS_DIR; };
		8184862020A0356100A21476 /* HPodDemo.app */ = {isa = PBXFileReference; explicitFileType = wrapper.application; includeInIndex = 0; path = HPodDemo.app; sourceTree = BUILT_PRODUCTS_DIR; };
		8184862320A0356100A21476 /* AppDelegate.h */ = {isa = PBXFileReference; lastKnownFileType = sourcecode.c.h; path = AppDelegate.h; sourceTree = "<group>"; };
		8184862420A0356100A21476 /* AppDelegate.m */ = {isa = PBXFileReference; lastKnownFileType = sourcecode.c.objc; path = AppDelegate.m; sourceTree = "<group>"; };
		8184862620A0356100A21476 /* ViewController.h */ = {isa = PBXFileReference; lastKnownFileType = sourcecode.c.h; path = ViewController.h; sourceTree = "<group>"; };
		8184862720A0356100A21476 /* ViewController.m */ = {isa = PBXFileReference; lastKnownFileType = sourcecode.c.objc; path = ViewController.m; sourceTree = "<group>"; };
		8184862A20A0356100A21476 /* Base */ = {isa = PBXFileReference; lastKnownFileType = file.storyboard; name = Base; path = Base.lproj/Main.storyboard; sourceTree = "<group>"; };
		8184862C20A0356200A21476 /* Assets.xcassets */ = {isa = PBXFileReference; lastKnownFileType = folder.assetcatalog; path = Assets.xcassets; sourceTree = "<group>"; };
		8184862F20A0356200A21476 /* Base */ = {isa = PBXFileReference; lastKnownFileType = file.storyboard; name = Base; path = Base.lproj/LaunchScreen.storyboard; sourceTree = "<group>"; };
		8184863120A0356200A21476 /* Info.plist */ = {isa = PBXFileReference; lastKnownFileType = text.plist.xml; path = Info.plist; sourceTree = "<group>"; };
		8184863220A0356200A21476 /* main.m */ = {isa = PBXFileReference; lastKnownFileType = sourcecode.c.objc; path = main.m; sourceTree = "<group>"; };
		9720AD759CF06CD3D31902A7 /* Pods-HPodDemo.debug.xcconfig */ = {isa = PBXFileReference; includeInIndex = 1; lastKnownFileType = text.xcconfig; name = "Pods-HPodDemo.debug.xcconfig"; path = "Pods/Target Support Files/Pods-HPodDemo/Pods-HPodDemo.debug.xcconfig"; sourceTree = "<group>"; };
		B89EC8F354019F53CFFD8C99 /* Pods-HPodDemo.release.xcconfig */ = {isa = PBXFileReference; includeInIndex = 1; lastKnownFileType = text.xcconfig; name = "Pods-HPodDemo.release.xcconfig"; path = "Pods/Target Support Files/Pods-HPodDemo/Pods-HPodDemo.release.xcconfig"; sourceTree = "<group>"; };
/* End PBXFileReference section */

/* Begin PBXFrameworksBuildPhase section */
		8184861D20A0356100A21476 /* Frameworks */ = {
			isa = PBXFrameworksBuildPhase;
			buildActionMask = 2147483647;
			files = (
				7B60F201BEAD497CA39BE2FA /* libPods-HPodDemo.a in Frameworks */,
			);
			runOnlyForDeploymentPostprocessing = 0;
		};
/* End PBXFrameworksBuildPhase section */

/* Begin PBXGroup section */
		0CCC681A5CBF06EEAD150E04 /* Pods */ = {
			isa = PBXGroup;
			children = (
				9720AD759CF06CD3D31902A7 /* Pods-HPodDemo.debug.xcconfig */,
				B89EC8F354019F53CFFD8C99 /* Pods-HPodDemo.release.xcconfig */,
			);
			name = Pods;
			sourceTree = "<group>";
		};
		8184861720A0356100A21476 = {
			isa = PBXGroup;
			children = (
				8184862220A0356100A21476 /* HPodDemo */,
				8184862120A0356100A21476 /* Products */,
				0CCC681A5CBF06EEAD150E04 /* Pods */,
				D494EB5134CB9F90D5527FEB /* Frameworks */,
			);
			sourceTree = "<group>";
		};
		8184862120A0356100A21476 /* Products */ = {
			isa = PBXGroup;
			children = (
				8184862020A0356100A21476 /* HPodDemo.app */,
			);
			name = Products;
			sourceTree = "<group>";
		};
		8184862220A0356100A21476 /* HPodDemo */ = {
			isa = PBXGroup;
			children = (
				8184862320A0356100A21476 /* AppDelegate.h */,
				8184862420A0356100A21476 /* AppDelegate.m */,
				8184862620A0356100A21476 /* ViewController.h */,
				8184862720A0356100A21476 /* ViewController.m */,
				8184862920A0356100A21476 /* Main.storyboard */,
				8184862C20A0356200A21476 /* Assets.xcassets */,
				8184862E20A0356200A21476 /* LaunchScreen.storyboard */,
				8184863120A0356200A21476 /* Info.plist */,
				8184863220A0356200A21476 /* main.m */,
			);
			path = HPodDemo;
			sourceTree = "<group>";
		};
		D494EB5134CB9F90D5527FEB /* Frameworks */ = {
			isa = PBXGroup;
			children = (
				0B529B02392E645F6E90C51A /* libPods-HPodDemo.a */,
			);
			name = Frameworks;
			sourceTree = "<group>";
		};
/* End PBXGroup section */

/* Begin PBXNativeTarget section */
		8184861F20A0356100A21476 /* HPodDemo */ = {
			isa = PBXNativeTarget;
			buildConfigurationList = 8184863620A0356200A21476 /* Build configuration list for PBXNativeTarget "HPodDemo" */;
			buildPhases = (
				DD50BDE7AC35E7EF3188392A /* [CP] Check Pods Manifest.lock */,
				8184861C20A0356100A21476 /* Sources */,
				8184861D20A0356100A21476 /* Frameworks */,
				8184861E20A0356100A21476 /* Resources */,
			);
			buildRules = (
			);
			dependencies = (
			);
			name = HPodDemo;
			productName = HPodDemo;
			productReference = 8184862020A0356100A21476 /* HPodDemo.app */;
			productType = "com.apple.product-type.application";
		};
/* End PBXNativeTarget section */

/* Begin PBXProject section */
		8184861820A0356100A21476 /* Project object */ = {
			isa = PBXProject;
			attributes = {
				LastUpgradeCheck = 0930;
				ORGANIZATIONNAME = fine;
				TargetAttributes = {
					8184861F20A0356100A21476 = {
						CreatedOnToolsVersion = 9.3;
					};
				};
			};
			buildConfigurationList = 8184861B20A0356100A21476 /* Build configuration list for PBXProject "HPodDemo" */;
			compatibilityVersion = "Xcode 9.3";
			developmentRegion = en;
			hasScannedForEncodings = 0;
			knownRegions = (
				en,
				Base,
			);
			mainGroup = 8184861720A0356100A21476;
			productRefGroup = 8184862120A0356100A21476 /* Products */;
			projectDirPath = "";
			projectRoot = "";
			targets = (
				8184861F20A0356100A21476 /* HPodDemo */,
			);
		};
/* End PBXProject section */

/* Begin PBXResourcesBuildPhase section */
		8184861E20A0356100A21476 /* Resources */ = {
			isa = PBXResourcesBuildPhase;
			buildActionMask = 2147483647;
			files = (
				8184863020A0356200A21476 /* LaunchScreen.storyboard in Resources */,
				8184862D20A0356200A21476 /* Assets.xcassets in Resources */,
				8184862B20A0356100A21476 /* Main.storyboard in Resources */,
			);
			runOnlyForDeploymentPostprocessing = 0;
		};
/* End PBXResourcesBuildPhase section */

/* Begin PBXShellScriptBuildPhase section */
		DD50BDE7AC35E7EF3188392A /* [CP] Check Pods Manifest.lock */ = {
			isa = PBXShellScriptBuildPhase;
			buildActionMask = 2147483647;
			files = (
			);
			inputPaths = (
				"${PODS_PODFILE_DIR_PATH}/Podfile.lock",
				"${PODS_ROOT}/Manifest.lock",
			);
			name = "[CP] Check Pods Manifest.lock";
			outputPaths = (
				"$(DERIVED_FILE_DIR)/Pods-HPodDemo-checkManifestLockResult.txt",
			);
			runOnlyForDeploymentPostprocessing = 0;
			shellPath = /bin/sh;
			shellScript = "diff \"${PODS_PODFILE_DIR_PATH}/Podfile.lock\" \"${PODS_ROOT}/Manifest.lock\" > /dev/null\nif [ $? != 0 ] ; then\n    # print error to STDERR\n    echo \"error: The sandbox is not in sync with the Podfile.lock. Run 'pod install' or update your CocoaPods installation.\" >&2\n    exit 1\nfi\n# This output is used by Xcode 'outputs' to avoid re-running this script phase.\necho \"SUCCESS\" > \"${SCRIPT_OUTPUT_FILE_0}\"\n";
			showEnvVarsInLog = 0;
		};
/* End PBXShellScriptBuildPhase section */

/* Begin PBXSourcesBuildPhase section */
		8184861C20A0356100A21476 /* Sources */ = {
			isa = PBXSourcesBuildPhase;
			buildActionMask = 2147483647;
			files = (
				8184862820A0356100A21476 /* ViewController.m in Sources */,
				8184863320A0356200A21476 /* main.m in Sources */,
				8184862520A0356100A21476 /* AppDelegate.m in Sources */,
			);
			runOnlyForDeploymentPostprocessing = 0;
		};
/* End PBXSourcesBuildPhase section */

/* Begin PBXVariantGroup section */
		8184862920A0356100A21476 /* Main.storyboard */ = {
			isa = PBXVariantGroup;
			children = (
				8184862A20A0356100A21476 /* Base */,
			);
			name = Main.storyboard;
			sourceTree = "<group>";
		};
		8184862E20A0356200A21476 /* LaunchScreen.storyboard */ = {
			isa = PBXVariantGroup;
			children = (
				8184862F20A0356200A21476 /* Base */,
			);
			name = LaunchScreen.storyboard;
			sourceTree = "<group>";
		};
/* End PBXVariantGroup section */

/* Begin XCBuildConfiguration section */
		8184863420A0356200A21476 /* Debug */ = {
			isa = XCBuildConfiguration;
			buildSettings = {
				ALWAYS_SEARCH_USER_PATHS = NO;
				CLANG_ANALYZER_NONNULL = YES;
				CLANG_ANALYZER_NUMBER_OBJECT_CONVERSION = YES_AGGRESSIVE;
				CLANG_CXX_LANGUAGE_STANDARD = "gnu++14";
				CLANG_CXX_LIBRARY = "libc++";
				CLANG_ENABLE_MODULES = YES;
				CLANG_ENABLE_OBJC_ARC = YES;
				CLANG_ENABLE_OBJC_WEAK = YES;
				CLANG_WARN_BLOCK_CAPTURE_AUTORELEASING = YES;
				CLANG_WARN_BOOL_CONVERSION = YES;
				CLANG_WARN_COMMA = YES;
				CLANG_WARN_CONSTANT_CONVERSION = YES;
				CLANG_WARN_DEPRECATED_OBJC_IMPLEMENTATIONS = YES;
				CLANG_WARN_DIRECT_OBJC_ISA_USAGE = YES_ERROR;
				CLANG_WARN_DOCUMENTATION_COMMENTS = YES;
				CLANG_WARN_EMPTY_BODY = YES;
				CLANG_WARN_ENUM_CONVERSION = YES;
				CLANG_WARN_INFINITE_RECURSION = YES;
				CLANG_WARN_INT_CONVERSION = YES;
				CLANG_WARN_NON_LITERAL_NULL_CONVERSION = YES;
				CLANG_WARN_OBJC_IMPLICIT_RETAIN_SELF = YES;
				CLANG_WARN_OBJC_LITERAL_CONVERSION = YES;
				CLANG_WARN_OBJC_ROOT_CLASS = YES_ERROR;
				CLANG_WARN_RANGE_LOOP_ANALYSIS = YES;
				CLANG_WARN_STRICT_PROTOTYPES = YES;
				CLANG_WARN_SUSPICIOUS_MOVE = YES;
				CLANG_WARN_UNGUARDED_AVAILABILITY = YES_AGGRESSIVE;
				CLANG_WARN_UNREACHABLE_CODE = YES;
				CLANG_WARN__DUPLICATE_METHOD_MATCH = YES;
				CODE_SIGN_IDENTITY = "iPhone Developer";
				COPY_PHASE_STRIP = NO;
				DEBUG_INFORMATION_FORMAT = dwarf;
				ENABLE_STRICT_OBJC_MSGSEND = YES;
				ENABLE_TESTABILITY = YES;
				GCC_C_LANGUAGE_STANDARD = gnu11;
				GCC_DYNAMIC_NO_PIC = NO;
				GCC_NO_COMMON_BLOCKS = YES;
				GCC_OPTIMIZATION_LEVEL = 0;
				GCC_PREPROCESSOR_DEFINITIONS = (
					"DEBUG=1",
					"$(inherited)",
				);
				GCC_WARN_64_TO_32_BIT_CONVERSION = YES;
				GCC_WARN_ABOUT_RETURN_TYPE = YES_ERROR;
				GCC_WARN_UNDECLARED_SELECTOR = YES;
				GCC_WARN_UNINITIALIZED_AUTOS = YES_AGGRESSIVE;
				GCC_WARN_UNUSED_FUNCTION = YES;
				GCC_WARN_UNUSED_VARIABLE = YES;
				IPHONEOS_DEPLOYMENT_TARGET = 11.3;
				MTL_ENABLE_DEBUG_INFO = YES;
				ONLY_ACTIVE_ARCH = YES;
				SDKROOT = iphoneos;
			};
			name = Debug;
		};
		8184863520A0356200A21476 /* Release */ = {
			isa = XCBuildConfiguration;
			buildSettings = {
				ALWAYS_SEARCH_USER_PATHS = NO;
				CLANG_ANALYZER_NONNULL = YES;
				CLANG_ANALYZER_NUMBER_OBJECT_CONVERSION = YES_AGGRESSIVE;
				CLANG_CXX_LANGUAGE_STANDARD = "gnu++14";
				CLANG_CXX_LIBRARY = "libc++";
				CLANG_ENABLE_MODULES = YES;
				CLANG_ENABLE_OBJC_ARC = YES;
				CLANG_ENABLE_OBJC_WEAK = YES;
				CLANG_WARN_BLOCK_CAPTURE_AUTORELEASING = YES;
				CLANG_WARN_BOOL_CONVERSION = YES;
				CLANG_WARN_COMMA = YES;
				CLANG_WARN_CONSTANT_CONVERSION = YES;
				CLANG_WARN_DEPRECATED_OBJC_IMPLEMENTATIONS = YES;
				CLANG_WARN_DIRECT_OBJC_ISA_USAGE = YES_ERROR;
				CLANG_WARN_DOCUMENTATION_COMMENTS = YES;
				CLANG_WARN_EMPTY_BODY = YES;
				CLANG_WARN_ENUM_CONVERSION = YES;
				CLANG_WARN_INFINITE_RECURSION = YES;
				CLANG_WARN_INT_CONVERSION = YES;
				CLANG_WARN_NON_LITERAL_NULL_CONVERSION = YES;
				CLANG_WARN_OBJC_IMPLICIT_RETAIN_SELF = YES;
				CLANG_WARN_OBJC_LITERAL_CONVERSION = YES;
				CLANG_WARN_OBJC_ROOT_CLASS = YES_ERROR;
				CLANG_WARN_RANGE_LOOP_ANALYSIS = YES;
				CLANG_WARN_STRICT_PROTOTYPES = YES;
				CLANG_WARN_SUSPICIOUS_MOVE = YES;
				CLANG_WARN_UNGUARDED_AVAILABILITY = YES_AGGRESSIVE;
				CLANG_WARN_UNREACHABLE_CODE = YES;
				CLANG_WARN__DUPLICATE_METHOD_MATCH = YES;
				CODE_SIGN_IDENTITY = "iPhone Developer";
				COPY_PHASE_STRIP = NO;
				DEBUG_INFORMATION_FORMAT = "dwarf-with-dsym";
				ENABLE_NS_ASSERTIONS = NO;
				ENABLE_STRICT_OBJC_MSGSEND = YES;
				GCC_C_LANGUAGE_STANDARD = gnu11;
				GCC_NO_COMMON_BLOCKS = YES;
				GCC_WARN_64_TO_32_BIT_CONVERSION = YES;
				GCC_WARN_ABOUT_RETURN_TYPE = YES_ERROR;
				GCC_WARN_UNDECLARED_SELECTOR = YES;
				GCC_WARN_UNINITIALIZED_AUTOS = YES_AGGRESSIVE;
				GCC_WARN_UNUSED_FUNCTION = YES;
				GCC_WARN_UNUSED_VARIABLE = YES;
				IPHONEOS_DEPLOYMENT_TARGET = 11.3;
				MTL_ENABLE_DEBUG_INFO = NO;
				SDKROOT = iphoneos;
				VALIDATE_PRODUCT = YES;
			};
			name = Release;
		};
		8184863720A0356200A21476 /* Debug */ = {
			isa = XCBuildConfiguration;
			baseConfigurationReference = 9720AD759CF06CD3D31902A7 /* Pods-HPodDemo.debug.xcconfig */;
			buildSettings = {
				ASSETCATALOG_COMPILER_APPICON_NAME = AppIcon;
				CODE_SIGN_STYLE = Automatic;
				INFOPLIST_FILE = HPodDemo/Info.plist;
				LD_RUNPATH_SEARCH_PATHS = "$(inherited) @executable_path/Frameworks";
				PRODUCT_BUNDLE_IDENTIFIER = com.ss.HPodDemo;
				PRODUCT_NAME = "$(TARGET_NAME)";
				TARGETED_DEVICE_FAMILY = "1,2";
			};
			name = Debug;
		};
		8184863820A0356200A21476 /* Release */ = {
			isa = XCBuildConfiguration;
			baseConfigurationReference = B89EC8F354019F53CFFD8C99 /* Pods-HPodDemo.release.xcconfig */;
			buildSettings = {
				ASSETCATALOG_COMPILER_APPICON_NAME = AppIcon;
				CODE_SIGN_STYLE = Automatic;
				INFOPLIST_FILE = HPodDemo/Info.plist;
				LD_RUNPATH_SEARCH_PATHS = "$(inherited) @executable_path/Frameworks";
				PRODUCT_BUNDLE_IDENTIFIER = com.ss.HPodDemo;
				PRODUCT_NAME = "$(TARGET_NAME)";
				TARGETED_DEVICE_FAMILY = "1,2";
			};
			name = Release;
		};
/* End XCBuildConfiguration section */

/* Begin XCConfigurationList section */
		8184861B20A0356100A21476 /* Build configuration list for PBXProject "HPodDemo" */ = {
			isa = XCConfigurationList;
			buildConfigurations = (
				8184863420A0356200A21476 /* Debug */,
				8184863520A0356200A21476 /* Release */,
			);
			defaultConfigurationIsVisible = 0;
			defaultConfigurationName = Release;
		};
		8184863620A0356200A21476 /* Build configuration list for PBXNativeTarget "HPodDemo" */ = {
			isa = XCConfigurationList;
			buildConfigurations = (
				8184863720A0356200A21476 /* Debug */,
				8184863820A0356200A21476 /* Release */,
			);
			defaultConfigurationIsVisible = 0;
			defaultConfigurationName = Release;
		};
/* End XCConfigurationList section */
	};
	rootObject = 8184861820A0356100A21476 /* Project object */;
}
